{
  "nodes": {
    "nixpkgs": {
      "locked": {
        "lastModified": 1764947035,
        "narHash": "sha256-EYHSjVM4Ox4lvCXUMiKKs2vETUSL5mx+J2FfutM7T9w=",
        "owner": "NixOS",
        "repo": "nixpkgs",
        "rev": "a672be65651c80d3f592a89b3945466584a22069",
        "type": "github"
      },
      "original": {
        "owner": "NixOS",
        "ref": "nixpkgs-unstable",
        "repo": "nixpkgs",
        "type": "github"
      }
    },
    "nixpkgs_2": {
      "locked": {
        "lastModified": 1758690382,
        "narHash": "sha256-NY3kSorgqE5LMm1LqNwGne3ZLMF2/ILgLpFr1fS4X3o=",
        "owner": "NixOS",
        "repo": "nixpkgs",
        "rev": "e643668fd71b949c53f8626614b21ff71a07379d",
        "type": "github"
      },
      "original": {
        "owner": "NixOS",
        "ref": "nixos-unstable",
        "repo": "nixpkgs",
        "type": "github"
      }
    },
    "root": {
      "inputs": {
        "nixpkgs": "nixpkgs",
        "vqmetric-nix": "vqmetric-nix"
      }
    },
    "vqmetric-nix": {
      "inputs": {
        "nixpkgs": "nixpkgs_2"
      },
      "locked": {
        "lastModified": 1765301688,
        "narHash": "sha256-Buma2iF0yW3xNbcWn97MV46CWAEicyO9QA2fUcxncXg=",
        "owner": "allesis",
        "repo": "vqmetric-nix",
        "rev": "84ac6440b662b441a268a6ed1c4d43178a8b3b3b",
        "type": "github"
      },
      "original": {
        "owner": "allesis",
        "ref": "main",
        "repo": "vqmetric-nix",
        "type": "github"
      }
    }
  },
  "root": "root",
  "version": 7
}
